
Microsoft Visual Studio Solution File, Format Version 12.00
# Visual Studio Version 17
VisualStudioVersion = 17.6.33712.159
MinimumVisualStudioVersion = 10.0.40219.1
Project("{8BC9CEB8-8B4A-11D0-8D11-00A0C91BC942}") = "codeup1010", "codeup1010\codeup1010.vcxproj", "{51C97D4F-BAC7-404D-92D6-B60377B5EF49}"
EndProject
Global
	GlobalSection(SolutionConfigurationPlatforms) = preSolution
		Debug|x64 = Debug|x64
		Debug|x86 = Debug|x86
		Release|x64 = Release|x64
		Release|x86 = Release|x86
	EndGlobalSection
	GlobalSection(ProjectConfigurationPlatforms) = postSolution
		{51C97D4F-BAC7-404D-92D6-B60377B5EF49}.Debug|x64.ActiveCfg = Debug|x64
		{51C97D4F-BAC7-404D-92D6-B60377B5EF49}.Debug|x64.Build.0 = Debug|x64
		{51C97D4F-BAC7-404D-92D6-B60377B5EF49}.Debug|x86.ActiveCfg = Debug|Win32
		{51C97D4F-BAC7-404D-92D6-B60377B5EF49}.Debug|x86.Build.0 = Debug|Win32
		{51C97D4F-BAC7-404D-92D6-B60377B5EF49}.Release|x64.ActiveCfg = Release|x64
		{51C97D4F-BAC7-404D-92D6-B60377B5EF49}.Release|x64.Build.0 = Release|x64
		{51C97D4F-BAC7-404D-92D6-B60377B5EF49}.Release|x86.ActiveCfg = Release|Win32
		{51C97D4F-BAC7-404D-92D6-B60377B5EF49}.Release|x86.Build.0 = Release|Win32
	EndGlobalSection
	GlobalSection(SolutionProperties) = preSolution
		HideSolutionNode = FALSE
	EndGlobalSection
	GlobalSection(ExtensibilityGlobals) = postSolution
		SolutionGuid = {E2792BA2-CE75-43CF-AFDF-EBD9FD8899AF}
	EndGlobalSection
EndGlobal
